
Microsoft Visual Studio Solution File, Format Version 12.00
# Visual Studio Version 17
VisualStudioVersion = 17.8.34408.163
MinimumVisualStudioVersion = 10.0.40219.1
Project("{FAE04EC0-301F-11D3-BF4B-00C04F79EFBC}") = "BasicOSCPlugin", "BasicOSCPlugin\BasicOSCPlugin.csproj", "{CF66F7A1-6FA0-4007-908B-1F11AFE8EB85}"
EndProject
Global
	GlobalSection(SolutionConfigurationPlatforms) = preSolution
		Debug|Any CPU = Debug|Any CPU
		Release|Any CPU = Release|Any CPU
	EndGlobalSection
	GlobalSection(ProjectConfigurationPlatforms) = postSolution
		{CF66F7A1-6FA0-4007-908B-1F11AFE8EB85}.Debug|Any CPU.ActiveCfg = Debug|Any CPU
		{CF66F7A1-6FA0-4007-908B-1F11AFE8EB85}.Debug|Any CPU.Build.0 = Debug|Any CPU
		{CF66F7A1-6FA0-4007-908B-1F11AFE8EB85}.Release|Any CPU.ActiveCfg = Release|Any CPU
		{CF66F7A1-6FA0-4007-908B-1F11AFE8EB85}.Release|Any CPU.Build.0 = Release|Any CPU
	EndGlobalSection
	GlobalSection(SolutionProperties) = preSolution
		HideSolutionNode = FALSE
	EndGlobalSection
	GlobalSection(ExtensibilityGlobals) = postSolution
		SolutionGuid = {23208F5C-10BE-440F-BB87-5995A14AF04F}
	EndGlobalSection
EndGlobal
